# This file was autogenerated by Stack.
# You should not edit this file by hand.
# For more information, please see the documentation at:
#   https://docs.haskellstack.org/en/stable/topics/lock_files

packages:
- completed:
    name: systex
    pantry-tree:
      sha256: 14e356ecd94ef2f82c205bfd249664bd087409106bcad0361ad1b793eac8b333
      size: 3536
    sha256: 61f8c3286ffb385d8f00896b0b5cb7149797029543e39c5868de3c9d6b5e6cb8
    size: 10878
    url: https://github.com/rik-tools/systex/releases/download/0.3.0/systex-0.3.0.tar.gz
    version: 0.3.0
  original:
    url: https://github.com/rik-tools/systex/releases/download/0.3.0/systex-0.3.0.tar.gz
snapshots:
- completed:
    sha256: f4a61482dcad21151331bf84ec85bee9be43965f143791fa4bb202ac1e443e1b
    size: 683833
    url: https://raw.githubusercontent.com/commercialhaskell/stackage-snapshots/master/lts/23/21.yaml
  original: lts-23.21
